
Microsoft Visual Studio Solution File, Format Version 12.00
# Visual Studio 14
VisualStudioVersion = 14.0.25420.1
MinimumVisualStudioVersion = 10.0.40219.1
Project("{FAE04EC0-301F-11D3-BF4B-00C04F79EFBC}") = "Keylogger", "Keylogger\Keylogger.csproj", "{5221522D-5997-40C1-9E6D-6CAC95ADC787}"
EndProject
Project("{FAE04EC0-301F-11D3-BF4B-00C04F79EFBC}") = "Imports", "Imports\Imports.csproj", "{13B18E0D-270C-44E0-95DD-EAFE9ABCEDBE}"
EndProject
Global
	GlobalSection(SolutionConfigurationPlatforms) = preSolution
		Debug|Any CPU = Debug|Any CPU
		Release|Any CPU = Release|Any CPU
	EndGlobalSection
	GlobalSection(ProjectConfigurationPlatforms) = postSolution
		{5221522D-5997-40C1-9E6D-6CAC95ADC787}.Debug|Any CPU.ActiveCfg = Debug|Any CPU
		{5221522D-5997-40C1-9E6D-6CAC95ADC787}.Debug|Any CPU.Build.0 = Debug|Any CPU
		{5221522D-5997-40C1-9E6D-6CAC95ADC787}.Release|Any CPU.ActiveCfg = Release|Any CPU
		{5221522D-5997-40C1-9E6D-6CAC95ADC787}.Release|Any CPU.Build.0 = Release|Any CPU
		{13B18E0D-270C-44E0-95DD-EAFE9ABCEDBE}.Debug|Any CPU.ActiveCfg = Debug|Any CPU
		{13B18E0D-270C-44E0-95DD-EAFE9ABCEDBE}.Debug|Any CPU.Build.0 = Debug|Any CPU
		{13B18E0D-270C-44E0-95DD-EAFE9ABCEDBE}.Release|Any CPU.ActiveCfg = Release|Any CPU
		{13B18E0D-270C-44E0-95DD-EAFE9ABCEDBE}.Release|Any CPU.Build.0 = Release|Any CPU
	EndGlobalSection
	GlobalSection(SolutionProperties) = preSolution
		HideSolutionNode = FALSE
	EndGlobalSection
EndGlobal
